
Microsoft Visual Studio Solution File, Format Version 11.00
# Visual Studio 2010
Project("{FAE04EC0-301F-11D3-BF4B-00C04F79EFBC}") = "LanguagesEncyclopedia", "LanguagesEncyclopedia\LanguagesEncyclopedia.csproj", "{EA2824CF-3A86-4970-85F6-B43456D6F51D}"
EndProject
Global
	GlobalSection(SolutionConfigurationPlatforms) = preSolution
		Debug|Any CPU = Debug|Any CPU
		Release|Any CPU = Release|Any CPU
	EndGlobalSection
	GlobalSection(ProjectConfigurationPlatforms) = postSolution
		{EA2824CF-3A86-4970-85F6-B43456D6F51D}.Debug|Any CPU.ActiveCfg = Debug|Any CPU
		{EA2824CF-3A86-4970-85F6-B43456D6F51D}.Debug|Any CPU.Build.0 = Debug|Any CPU
		{EA2824CF-3A86-4970-85F6-B43456D6F51D}.Release|Any CPU.ActiveCfg = Release|Any CPU
		{EA2824CF-3A86-4970-85F6-B43456D6F51D}.Release|Any CPU.Build.0 = Release|Any CPU
	EndGlobalSection
	GlobalSection(SolutionProperties) = preSolution
		HideSolutionNode = FALSE
	EndGlobalSection
EndGlobal
